// !$*UTF8*$!
{
	archiveVersion = 1;
	classes = {
	};
	objectVersion = 77;
	objects = {

/* Begin PBXBuildFile section */
		11B1C3E52F4A2B2D0023A6A3 /* Product.swift in Sources */ = {isa = PBXBuildFile; fileRef = 11B1C3E42F4A2B2D0023A6A3 /* Product.swift */; };
		11B1C3E72F4A2EBB0023A6A3 /* RoroApp.swift in Sources */ = {isa = PBXBuildFile; fileRef = 11B1C3E62F4A2EBB0023A6A3 /* RoroApp.swift */; };
		11B1C3E82F4A2EBB0023A6A3 /* RoroApp.swift in Sources */ = {isa = PBXBuildFile; fileRef = 11B1C3E62F4A2EBB0023A6A3 /* RoroApp.swift */; };
		11B1C3EA2F4A30050023A6A3 /* ContentView.swift in Sources */ = {isa = PBXBuildFile; fileRef = 11B1C3E92F4A30050023A6A3 /* ContentView.swift */; };
		11B1C3EB2F4A30050023A6A3 /* ContentView.swift in Sources */ = {isa = PBXBuildFile; fileRef = 11B1C3E92F4A30050023A6A3 /* ContentView.swift */; };
		11B1C3EE2F4A32C20023A6A3 /* ProductService.swift in Sources */ = {isa = PBXBuildFile; fileRef = 11B1C3ED2F4A32C20023A6A3 /* ProductService.swift */; };
		11B1C3F12F4A34F90023A6A3 /* ProductsViewModel.swift in Sources */ = {isa = PBXBuildFile; fileRef = 11B1C3F02F4A34F90023A6A3 /* ProductsViewModel.swift */; };
		11B1C3F42F4A3B070023A6A3 /* ProductDetailView.swift in Sources */ = {isa = PBXBuildFile; fileRef = 11B1C3F32F4A3B070023A6A3 /* ProductDetailView.swift */; };
		11B1C3F72F4A3EB70023A6A3 /* CartManager.swift in Sources */ = {isa = PBXBuildFile; fileRef = 11B1C3F62F4A3EB70023A6A3 /* CartManager.swift */; };
		11B1C3F92F4A3FE30023A6A3 /* CartView.swift in Sources */ = {isa = PBXBuildFile; fileRef = 11B1C3F82F4A3FE30023A6A3 /* CartView.swift */; };
		11B1C3FB2F4A40EA0023A6A3 /* RootView.swift in Sources */ = {isa = PBXBuildFile; fileRef = 11B1C3FA2F4A40EA0023A6A3 /* RootView.swift */; };
		11B1C3FE2F4A437C0023A6A3 /* AppColors.swift in Sources */ = {isa = PBXBuildFile; fileRef = 11B1C3FD2F4A437C0023A6A3 /* AppColors.swift */; };
		11B1C4002F4A45980023A6A3 /* FeaturedSectionView.swift in Sources */ = {isa = PBXBuildFile; fileRef = 11B1C3FF2F4A45980023A6A3 /* FeaturedSectionView.swift */; };
		11B1C4022F4A753B0023A6A3 /* ProductListViewModel.swift in Sources */ = {isa = PBXBuildFile; fileRef = 11B1C4012F4A753B0023A6A3 /* ProductListViewModel.swift */; };
		11B1C4042F4B1EF40023A6A3 /* ProductFiltersView.swift in Sources */ = {isa = PBXBuildFile; fileRef = 11B1C4032F4B1EF40023A6A3 /* ProductFiltersView.swift */; };
		11B1C4062F4B29150023A6A3 /* ProductListView.swift in Sources */ = {isa = PBXBuildFile; fileRef = 11B1C4052F4B29150023A6A3 /* ProductListView.swift */; };
		11B1C4082F4B29CD0023A6A3 /* CategoriesGridView.swift in Sources */ = {isa = PBXBuildFile; fileRef = 11B1C4072F4B29CD0023A6A3 /* CategoriesGridView.swift */; };
		11B1C40D2F4B31160023A6A3 /* ProfileView.swift in Sources */ = {isa = PBXBuildFile; fileRef = 11B1C40C2F4B31160023A6A3 /* ProfileView.swift */; };
		11B1C40F2F4B47B50023A6A3 /* CartItemRow.swift in Sources */ = {isa = PBXBuildFile; fileRef = 11B1C40E2F4B47B50023A6A3 /* CartItemRow.swift */; };
		11B1C4112F4B71780023A6A3 /* UserManager.swift in Sources */ = {isa = PBXBuildFile; fileRef = 11B1C4102F4B71780023A6A3 /* UserManager.swift */; };
		11B1C4132F4B71A20023A6A3 /* EditProfileView.swift in Sources */ = {isa = PBXBuildFile; fileRef = 11B1C4122F4B71A20023A6A3 /* EditProfileView.swift */; };
		11B1C4152F4B71B90023A6A3 /* OrderHistoryView.swift in Sources */ = {isa = PBXBuildFile; fileRef = 11B1C4142F4B71B90023A6A3 /* OrderHistoryView.swift */; };
		11B1C4172F4B71CC0023A6A3 /* RowView.swift in Sources */ = {isa = PBXBuildFile; fileRef = 11B1C4162F4B71CC0023A6A3 /* RowView.swift */; };
		11B1C4192F4B71E00023A6A3 /* APIClient.swift in Sources */ = {isa = PBXBuildFile; fileRef = 11B1C4182F4B71E00023A6A3 /* APIClient.swift */; };
		11B1C41B2F4BA0BE0023A6A3 /* LoginView.swift in Sources */ = {isa = PBXBuildFile; fileRef = 11B1C41A2F4BA0BE0023A6A3 /* LoginView.swift */; };
/* End PBXBuildFile section */

/* Begin PBXContainerItemProxy section */
		11B1C3C62F4A09FC0023A6A3 /* PBXContainerItemProxy */ = {
			isa = PBXContainerItemProxy;
			containerPortal = 11B1C3AE2F4A09FB0023A6A3 /* Project object */;
			proxyType = 1;
			remoteGlobalIDString = 11B1C3B52F4A09FB0023A6A3;
			remoteInfo = "Roro-iOS";
		};
		11B1C3D02F4A09FC0023A6A3 /* PBXContainerItemProxy */ = {
			isa = PBXContainerItemProxy;
			containerPortal = 11B1C3AE2F4A09FB0023A6A3 /* Project object */;
			proxyType = 1;
			remoteGlobalIDString = 11B1C3B52F4A09FB0023A6A3;
			remoteInfo = "Roro-iOS";
		};
/* End PBXContainerItemProxy section */

/* Begin PBXFileReference section */
		11B1C3B62F4A09FB0023A6A3 /* Roro-iOS.app */ = {isa = PBXFileReference; explicitFileType = wrapper.application; includeInIndex = 0; path = "Roro-iOS.app"; sourceTree = BUILT_PRODUCTS_DIR; };
		11B1C3C52F4A09FC0023A6A3 /* Roro-iOSTests.xctest */ = {isa = PBXFileReference; explicitFileType = wrapper.cfbundle; includeInIndex = 0; path = "Roro-iOSTests.xctest"; sourceTree = BUILT_PRODUCTS_DIR; };
		11B1C3CF2F4A09FC0023A6A3 /* Roro-iOSUITests.xctest */ = {isa = PBXFileReference; explicitFileType = wrapper.cfbundle; includeInIndex = 0; path = "Roro-iOSUITests.xctest"; sourceTree = BUILT_PRODUCTS_DIR; };
		11B1C3E42F4A2B2D0023A6A3 /* Product.swift */ = {isa = PBXFileReference; lastKnownFileType = sourcecode.swift; path = Product.swift; sourceTree = "<group>"; };
		11B1C3E62F4A2EBB0023A6A3 /* RoroApp.swift */ = {isa = PBXFileReference; lastKnownFileType = sourcecode.swift; path = RoroApp.swift; sourceTree = "<group>"; };
		11B1C3E92F4A30050023A6A3 /* ContentView.swift */ = {isa = PBXFileReference; lastKnownFileType = sourcecode.swift; path = ContentView.swift; sourceTree = "<group>"; };
		11B1C3ED2F4A32C20023A6A3 /* ProductService.swift */ = {isa = PBXFileReference; lastKnownFileType = sourcecode.swift; path = ProductService.swift; sourceTree = "<group>"; };
		11B1C3F02F4A34F90023A6A3 /* ProductsViewModel.swift */ = {isa = PBXFileReference; lastKnownFileType = sourcecode.swift; path = ProductsViewModel.swift; sourceTree = "<group>"; };
		11B1C3F32F4A3B070023A6A3 /* ProductDetailView.swift */ = {isa = PBXFileReference; lastKnownFileType = sourcecode.swift; path = ProductDetailView.swift; sourceTree = "<group>"; };
		11B1C3F62F4A3EB70023A6A3 /* CartManager.swift */ = {isa = PBXFileReference; lastKnownFileType = sourcecode.swift; path = CartManager.swift; sourceTree = "<group>"; };
		11B1C3F82F4A3FE30023A6A3 /* CartView.swift */ = {isa = PBXFileReference; lastKnownFileType = sourcecode.swift; path = CartView.swift; sourceTree = "<group>"; };
		11B1C3FA2F4A40EA0023A6A3 /* RootView.swift */ = {isa = PBXFileReference; lastKnownFileType = sourcecode.swift; path = RootView.swift; sourceTree = "<group>"; };
		11B1C3FD2F4A437C0023A6A3 /* AppColors.swift */ = {isa = PBXFileReference; lastKnownFileType = sourcecode.swift; path = AppColors.swift; sourceTree = "<group>"; };
		11B1C3FF2F4A45980023A6A3 /* FeaturedSectionView.swift */ = {isa = PBXFileReference; lastKnownFileType = sourcecode.swift; path = FeaturedSectionView.swift; sourceTree = "<group>"; };
		11B1C4012F4A753B0023A6A3 /* ProductListViewModel.swift */ = {isa = PBXFileReference; lastKnownFileType = sourcecode.swift; path = ProductListViewModel.swift; sourceTree = "<group>"; };
		11B1C4032F4B1EF40023A6A3 /* ProductFiltersView.swift */ = {isa = PBXFileReference; lastKnownFileType = sourcecode.swift; path = ProductFiltersView.swift; sourceTree = "<group>"; };
		11B1C4052F4B29150023A6A3 /* ProductListView.swift */ = {isa = PBXFileReference; lastKnownFileType = sourcecode.swift; path = ProductListView.swift; sourceTree = "<group>"; };
		11B1C4072F4B29CD0023A6A3 /* CategoriesGridView.swift */ = {isa = PBXFileReference; lastKnownFileType = sourcecode.swift; path = CategoriesGridView.swift; sourceTree = "<group>"; };
		11B1C40C2F4B31160023A6A3 /* ProfileView.swift */ = {isa = PBXFileReference; lastKnownFileType = sourcecode.swift; path = ProfileView.swift; sourceTree = "<group>"; };
		11B1C40E2F4B47B50023A6A3 /* CartItemRow.swift */ = {isa = PBXFileReference; lastKnownFileType = sourcecode.swift; path = CartItemRow.swift; sourceTree = "<group>"; };
		11B1C4102F4B71780023A6A3 /* UserManager.swift */ = {isa = PBXFileReference; lastKnownFileType = sourcecode.swift; path = UserManager.swift; sourceTree = "<group>"; };
		11B1C4122F4B71A20023A6A3 /* EditProfileView.swift */ = {isa = PBXFileReference; lastKnownFileType = sourcecode.swift; path = EditProfileView.swift; sourceTree = "<group>"; };
		11B1C4142F4B71B90023A6A3 /* OrderHistoryView.swift */ = {isa = PBXFileReference; lastKnownFileType = sourcecode.swift; path = OrderHistoryView.swift; sourceTree = "<group>"; };
		11B1C4162F4B71CC0023A6A3 /* RowView.swift */ = {isa = PBXFileReference; lastKnownFileType = sourcecode.swift; path = RowView.swift; sourceTree = "<group>"; };
		11B1C4182F4B71E00023A6A3 /* APIClient.swift */ = {isa = PBXFileReference; lastKnownFileType = sourcecode.swift; path = APIClient.swift; sourceTree = "<group>"; };
		11B1C41A2F4BA0BE0023A6A3 /* LoginView.swift */ = {isa = PBXFileReference; lastKnownFileType = sourcecode.swift; path = LoginView.swift; sourceTree = "<group>"; };
/* End PBXFileReference section */

/* Begin PBXFileSystemSynchronizedRootGroup section */
		11B1C3C82F4A09FC0023A6A3 /* Roro-iOSTests */ = {
			isa = PBXFileSystemSynchronizedRootGroup;
			path = "Roro-iOSTests";
			sourceTree = "<group>";
		};
		11B1C3D22F4A09FC0023A6A3 /* Roro-iOSUITests */ = {
			isa = PBXFileSystemSynchronizedRootGroup;
			path = "Roro-iOSUITests";
			sourceTree = "<group>";
		};
/* End PBXFileSystemSynchronizedRootGroup section */

/* Begin PBXFrameworksBuildPhase section */
		11B1C3B32F4A09FB0023A6A3 /* Frameworks */ = {
			isa = PBXFrameworksBuildPhase;
			buildActionMask = 2147483647;
			files = (
			);
			runOnlyForDeploymentPostprocessing = 0;
		};
		11B1C3C22F4A09FC0023A6A3 /* Frameworks */ = {
			isa = PBXFrameworksBuildPhase;
			buildActionMask = 2147483647;
			files = (
			);
			runOnlyForDeploymentPostprocessing = 0;
		};
		11B1C3CC2F4A09FC0023A6A3 /* Frameworks */ = {
			isa = PBXFrameworksBuildPhase;
			buildActionMask = 2147483647;
			files = (
			);
			runOnlyForDeploymentPostprocessing = 0;
		};
/* End PBXFrameworksBuildPhase section */

/* Begin PBXGroup section */
		11B1C3AD2F4A09FB0023A6A3 = {
			isa = PBXGroup;
			children = (
				11B1C3FC2F4A43620023A6A3 /* Resources */,
				11B1C3F52F4A3E9D0023A6A3 /* State */,
				11B1C3F22F4A3AE70023A6A3 /* Views */,
				11B1C3EF2F4A34DF0023A6A3 /* ViewModels */,
				11B1C3EC2F4A329B0023A6A3 /* Networking */,
				11B1C3E92F4A30050023A6A3 /* ContentView.swift */,
				11B1C3E62F4A2EBB0023A6A3 /* RoroApp.swift */,
				11B1C3E32F4A2A3C0023A6A3 /* Models */,
				11B1C3C82F4A09FC0023A6A3 /* Roro-iOSTests */,
				11B1C3D22F4A09FC0023A6A3 /* Roro-iOSUITests */,
				11B1C3B72F4A09FB0023A6A3 /* Products */,
			);
			sourceTree = "<group>";
		};
		11B1C3B72F4A09FB0023A6A3 /* Products */ = {
			isa = PBXGroup;
			children = (
				11B1C3B62F4A09FB0023A6A3 /* Roro-iOS.app */,
				11B1C3C52F4A09FC0023A6A3 /* Roro-iOSTests.xctest */,
				11B1C3CF2F4A09FC0023A6A3 /* Roro-iOSUITests.xctest */,
			);
			name = Products;
			sourceTree = "<group>";
		};
		11B1C3E32F4A2A3C0023A6A3 /* Models */ = {
			isa = PBXGroup;
			children = (
				11B1C3E42F4A2B2D0023A6A3 /* Product.swift */,
			);
			path = Models;
			sourceTree = "<group>";
		};
		11B1C3EC2F4A329B0023A6A3 /* Networking */ = {
			isa = PBXGroup;
			children = (
				11B1C3ED2F4A32C20023A6A3 /* ProductService.swift */,
				11B1C4182F4B71E00023A6A3 /* APIClient.swift */,
			);
			path = Networking;
			sourceTree = "<group>";
		};
		11B1C3EF2F4A34DF0023A6A3 /* ViewModels */ = {
			isa = PBXGroup;
			children = (
				11B1C3F02F4A34F90023A6A3 /* ProductsViewModel.swift */,
				11B1C4012F4A753B0023A6A3 /* ProductListViewModel.swift */,
			);
			path = ViewModels;
			sourceTree = "<group>";
		};
		11B1C3F22F4A3AE70023A6A3 /* Views */ = {
			isa = PBXGroup;
			children = (
				11B1C3F32F4A3B070023A6A3 /* ProductDetailView.swift */,
				11B1C3F82F4A3FE30023A6A3 /* CartView.swift */,
				11B1C3FA2F4A40EA0023A6A3 /* RootView.swift */,
				11B1C3FF2F4A45980023A6A3 /* FeaturedSectionView.swift */,
				11B1C4032F4B1EF40023A6A3 /* ProductFiltersView.swift */,
				11B1C4052F4B29150023A6A3 /* ProductListView.swift */,
				11B1C4072F4B29CD0023A6A3 /* CategoriesGridView.swift */,
				11B1C40C2F4B31160023A6A3 /* ProfileView.swift */,
				11B1C40E2F4B47B50023A6A3 /* CartItemRow.swift */,
				11B1C4122F4B71A20023A6A3 /* EditProfileView.swift */,
				11B1C4142F4B71B90023A6A3 /* OrderHistoryView.swift */,
				11B1C4162F4B71CC0023A6A3 /* RowView.swift */,
				11B1C41A2F4BA0BE0023A6A3 /* LoginView.swift */,
			);
			path = Views;
			sourceTree = "<group>";
		};
		11B1C3F52F4A3E9D0023A6A3 /* State */ = {
			isa = PBXGroup;
			children = (
				11B1C3F62F4A3EB70023A6A3 /* CartManager.swift */,
				11B1C4102F4B71780023A6A3 /* UserManager.swift */,
			);
			path = State;
			sourceTree = "<group>";
		};
		11B1C3FC2F4A43620023A6A3 /* Resources */ = {
			isa = PBXGroup;
			children = (
				11B1C3FD2F4A437C0023A6A3 /* AppColors.swift */,
			);
			path = Resources;
			sourceTree = "<group>";
		};
/* End PBXGroup section */

/* Begin PBXNativeTarget section */
		11B1C3B52F4A09FB0023A6A3 /* Roro-iOS */ = {
			isa = PBXNativeTarget;
			buildConfigurationList = 11B1C3D92F4A09FC0023A6A3 /* Build configuration list for PBXNativeTarget "Roro-iOS" */;
			buildPhases = (
				11B1C3B22F4A09FB0023A6A3 /* Sources */,
				11B1C3B32F4A09FB0023A6A3 /* Frameworks */,
				11B1C3B42F4A09FB0023A6A3 /* Resources */,
			);
			buildRules = (
			);
			dependencies = (
			);
			name = "Roro-iOS";
			packageProductDependencies = (
			);
			productName = "Roro-iOS";
			productReference = 11B1C3B62F4A09FB0023A6A3 /* Roro-iOS.app */;
			productType = "com.apple.product-type.application";
		};
		11B1C3C42F4A09FC0023A6A3 /* Roro-iOSTests */ = {
			isa = PBXNativeTarget;
			buildConfigurationList = 11B1C3DC2F4A09FC0023A6A3 /* Build configuration list for PBXNativeTarget "Roro-iOSTests" */;
			buildPhases = (
				11B1C3C12F4A09FC0023A6A3 /* Sources */,
				11B1C3C22F4A09FC0023A6A3 /* Frameworks */,
				11B1C3C32F4A09FC0023A6A3 /* Resources */,
			);
			buildRules = (
			);
			dependencies = (
				11B1C3C72F4A09FC0023A6A3 /* PBXTargetDependency */,
			);
			fileSystemSynchronizedGroups = (
				11B1C3C82F4A09FC0023A6A3 /* Roro-iOSTests */,
			);
			name = "Roro-iOSTests";
			packageProductDependencies = (
			);
			productName = "Roro-iOSTests";
			productReference = 11B1C3C52F4A09FC0023A6A3 /* Roro-iOSTests.xctest */;
			productType = "com.apple.product-type.bundle.unit-test";
		};
		11B1C3CE2F4A09FC0023A6A3 /* Roro-iOSUITests */ = {
			isa = PBXNativeTarget;
			buildConfigurationList = 11B1C3DF2F4A09FC0023A6A3 /* Build configuration list for PBXNativeTarget "Roro-iOSUITests" */;
			buildPhases = (
				11B1C3CB2F4A09FC0023A6A3 /* Sources */,
				11B1C3CC2F4A09FC0023A6A3 /* Frameworks */,
				11B1C3CD2F4A09FC0023A6A3 /* Resources */,
			);
			buildRules = (
			);
			dependencies = (
				11B1C3D12F4A09FC0023A6A3 /* PBXTargetDependency */,
			);
			fileSystemSynchronizedGroups = (
				11B1C3D22F4A09FC0023A6A3 /* Roro-iOSUITests */,
			);
			name = "Roro-iOSUITests";
			packageProductDependencies = (
			);
			productName = "Roro-iOSUITests";
			productReference = 11B1C3CF2F4A09FC0023A6A3 /* Roro-iOSUITests.xctest */;
			productType = "com.apple.product-type.bundle.ui-testing";
		};
/* End PBXNativeTarget section */

/* Begin PBXProject section */
		11B1C3AE2F4A09FB0023A6A3 /* Project object */ = {
			isa = PBXProject;
			attributes = {
				BuildIndependentTargetsInParallel = 1;
				LastSwiftUpdateCheck = 2610;
				LastUpgradeCheck = 2610;
				TargetAttributes = {
					11B1C3B52F4A09FB0023A6A3 = {
						CreatedOnToolsVersion = 26.1.1;
						LastSwiftMigration = 2610;
					};
					11B1C3C42F4A09FC0023A6A3 = {
						CreatedOnToolsVersion = 26.1.1;
						TestTargetID = 11B1C3B52F4A09FB0023A6A3;
					};
					11B1C3CE2F4A09FC0023A6A3 = {
						CreatedOnToolsVersion = 26.1.1;
						TestTargetID = 11B1C3B52F4A09FB0023A6A3;
					};
				};
			};
			buildConfigurationList = 11B1C3B12F4A09FB0023A6A3 /* Build configuration list for PBXProject "Roro-iOS" */;
			developmentRegion = en;
			hasScannedForEncodings = 0;
			knownRegions = (
				en,
				Base,
			);
			mainGroup = 11B1C3AD2F4A09FB0023A6A3;
			minimizedProjectReferenceProxies = 1;
			preferredProjectObjectVersion = 77;
			productRefGroup = 11B1C3B72F4A09FB0023A6A3 /* Products */;
			projectDirPath = "";
			projectRoot = "";
			targets = (
				11B1C3B52F4A09FB0023A6A3 /* Roro-iOS */,
				11B1C3C42F4A09FC0023A6A3 /* Roro-iOSTests */,
				11B1C3CE2F4A09FC0023A6A3 /* Roro-iOSUITests */,
			);
		};
/* End PBXProject section */

/* Begin PBXResourcesBuildPhase section */
		11B1C3B42F4A09FB0023A6A3 /* Resources */ = {
			isa = PBXResourcesBuildPhase;
			buildActionMask = 2147483647;
			files = (
			);
			runOnlyForDeploymentPostprocessing = 0;
		};
		11B1C3C32F4A09FC0023A6A3 /* Resources */ = {
			isa = PBXResourcesBuildPhase;
			buildActionMask = 2147483647;
			files = (
			);
			runOnlyForDeploymentPostprocessing = 0;
		};
		11B1C3CD2F4A09FC0023A6A3 /* Resources */ = {
			isa = PBXResourcesBuildPhase;
			buildActionMask = 2147483647;
			files = (
			);
			runOnlyForDeploymentPostprocessing = 0;
		};
/* End PBXResourcesBuildPhase section */

/* Begin PBXSourcesBuildPhase section */
		11B1C3B22F4A09FB0023A6A3 /* Sources */ = {
			isa = PBXSourcesBuildPhase;
			buildActionMask = 2147483647;
			files = (
				11B1C4112F4B71780023A6A3 /* UserManager.swift in Sources */,
				11B1C3E52F4A2B2D0023A6A3 /* Product.swift in Sources */,
				11B1C4152F4B71B90023A6A3 /* OrderHistoryView.swift in Sources */,
				11B1C3EE2F4A32C20023A6A3 /* ProductService.swift in Sources */,
				11B1C41B2F4BA0BE0023A6A3 /* LoginView.swift in Sources */,
				11B1C4062F4B29150023A6A3 /* ProductListView.swift in Sources */,
				11B1C4192F4B71E00023A6A3 /* APIClient.swift in Sources */,
				11B1C4022F4A753B0023A6A3 /* ProductListViewModel.swift in Sources */,
				11B1C3F72F4A3EB70023A6A3 /* CartManager.swift in Sources */,
				11B1C3FE2F4A437C0023A6A3 /* AppColors.swift in Sources */,
				11B1C4082F4B29CD0023A6A3 /* CategoriesGridView.swift in Sources */,
				11B1C3E82F4A2EBB0023A6A3 /* RoroApp.swift in Sources */,
				11B1C40D2F4B31160023A6A3 /* ProfileView.swift in Sources */,
				11B1C3F12F4A34F90023A6A3 /* ProductsViewModel.swift in Sources */,
				11B1C4002F4A45980023A6A3 /* FeaturedSectionView.swift in Sources */,
				11B1C4042F4B1EF40023A6A3 /* ProductFiltersView.swift in Sources */,
				11B1C4132F4B71A20023A6A3 /* EditProfileView.swift in Sources */,
				11B1C3FB2F4A40EA0023A6A3 /* RootView.swift in Sources */,
				11B1C4172F4B71CC0023A6A3 /* RowView.swift in Sources */,
				11B1C40F2F4B47B50023A6A3 /* CartItemRow.swift in Sources */,
				11B1C3EB2F4A30050023A6A3 /* ContentView.swift in Sources */,
				11B1C3F92F4A3FE30023A6A3 /* CartView.swift in Sources */,
				11B1C3F42F4A3B070023A6A3 /* ProductDetailView.swift in Sources */,
			);
			runOnlyForDeploymentPostprocessing = 0;
		};
		11B1C3C12F4A09FC0023A6A3 /* Sources */ = {
			isa = PBXSourcesBuildPhase;
			buildActionMask = 2147483647;
			files = (
				11B1C3E72F4A2EBB0023A6A3 /* RoroApp.swift in Sources */,
				11B1C3EA2F4A30050023A6A3 /* ContentView.swift in Sources */,
			);
			runOnlyForDeploymentPostprocessing = 0;
		};
		11B1C3CB2F4A09FC0023A6A3 /* Sources */ = {
			isa = PBXSourcesBuildPhase;
			buildActionMask = 2147483647;
			files = (
			);
			runOnlyForDeploymentPostprocessing = 0;
		};
/* End PBXSourcesBuildPhase section */

/* Begin PBXTargetDependency section */
		11B1C3C72F4A09FC0023A6A3 /* PBXTargetDependency */ = {
			isa = PBXTargetDependency;
			target = 11B1C3B52F4A09FB0023A6A3 /* Roro-iOS */;
			targetProxy = 11B1C3C62F4A09FC0023A6A3 /* PBXContainerItemProxy */;
		};
		11B1C3D12F4A09FC0023A6A3 /* PBXTargetDependency */ = {
			isa = PBXTargetDependency;
			target = 11B1C3B52F4A09FB0023A6A3 /* Roro-iOS */;
			targetProxy = 11B1C3D02F4A09FC0023A6A3 /* PBXContainerItemProxy */;
		};
/* End PBXTargetDependency section */

/* Begin XCBuildConfiguration section */
		11B1C3D72F4A09FC0023A6A3 /* Debug */ = {
			isa = XCBuildConfiguration;
			buildSettings = {
				ALWAYS_SEARCH_USER_PATHS = NO;
				ASSETCATALOG_COMPILER_GENERATE_SWIFT_ASSET_SYMBOL_EXTENSIONS = YES;
				CLANG_ANALYZER_NONNULL = YES;
				CLANG_ANALYZER_NUMBER_OBJECT_CONVERSION = YES_AGGRESSIVE;
				CLANG_CXX_LANGUAGE_STANDARD = "gnu++20";
				CLANG_ENABLE_MODULES = YES;
				CLANG_ENABLE_OBJC_ARC = YES;
				CLANG_ENABLE_OBJC_WEAK = YES;
				CLANG_WARN_BLOCK_CAPTURE_AUTORELEASING = YES;
				CLANG_WARN_BOOL_CONVERSION = YES;
				CLANG_WARN_COMMA = YES;
				CLANG_WARN_CONSTANT_CONVERSION = YES;
				CLANG_WARN_DEPRECATED_OBJC_IMPLEMENTATIONS = YES;
				CLANG_WARN_DIRECT_OBJC_ISA_USAGE = YES_ERROR;
				CLANG_WARN_DOCUMENTATION_COMMENTS = YES;
				CLANG_WARN_EMPTY_BODY = YES;
				CLANG_WARN_ENUM_CONVERSION = YES;
				CLANG_WARN_INFINITE_RECURSION = YES;
				CLANG_WARN_INT_CONVERSION = YES;
				CLANG_WARN_NON_LITERAL_NULL_CONVERSION = YES;
				CLANG_WARN_OBJC_IMPLICIT_RETAIN_SELF = YES;
				CLANG_WARN_OBJC_LITERAL_CONVERSION = YES;
				CLANG_WARN_OBJC_ROOT_CLASS = YES_ERROR;
				CLANG_WARN_QUOTED_INCLUDE_IN_FRAMEWORK_HEADER = YES;
				CLANG_WARN_RANGE_LOOP_ANALYSIS = YES;
				CLANG_WARN_STRICT_PROTOTYPES = YES;
				CLANG_WARN_SUSPICIOUS_MOVE = YES;
				CLANG_WARN_UNGUARDED_AVAILABILITY = YES_AGGRESSIVE;
				CLANG_WARN_UNREACHABLE_CODE = YES;
				CLANG_WARN__DUPLICATE_METHOD_MATCH = YES;
				COPY_PHASE_STRIP = NO;
				DEBUG_INFORMATION_FORMAT = dwarf;
				DEVELOPMENT_TEAM = 98Q9R2495A;
				ENABLE_STRICT_OBJC_MSGSEND = YES;
				ENABLE_TESTABILITY = YES;
				ENABLE_USER_SCRIPT_SANDBOXING = YES;
				GCC_C_LANGUAGE_STANDARD = gnu17;
				GCC_DYNAMIC_NO_PIC = NO;
				GCC_NO_COMMON_BLOCKS = YES;
				GCC_OPTIMIZATION_LEVEL = 0;
				GCC_PREPROCESSOR_DEFINITIONS = (
					"DEBUG=1",
					"$(inherited)",
				);
				GCC_WARN_64_TO_32_BIT_CONVERSION = YES;
				GCC_WARN_ABOUT_RETURN_TYPE = YES_ERROR;
				GCC_WARN_UNDECLARED_SELECTOR = YES;
				GCC_WARN_UNINITIALIZED_AUTOS = YES_AGGRESSIVE;
				GCC_WARN_UNUSED_FUNCTION = YES;
				GCC_WARN_UNUSED_VARIABLE = YES;
				LOCALIZATION_PREFERS_STRING_CATALOGS = YES;
				MTL_ENABLE_DEBUG_INFO = INCLUDE_SOURCE;
				MTL_FAST_MATH = YES;
				ONLY_ACTIVE_ARCH = YES;
				SWIFT_ACTIVE_COMPILATION_CONDITIONS = "DEBUG $(inherited)";
				SWIFT_OPTIMIZATION_LEVEL = "-Onone";
			};
			name = Debug;
		};
		11B1C3D82F4A09FC0023A6A3 /* Release */ = {
			isa = XCBuildConfiguration;
			buildSettings = {
				ALWAYS_SEARCH_USER_PATHS = NO;
				ASSETCATALOG_COMPILER_GENERATE_SWIFT_ASSET_SYMBOL_EXTENSIONS = YES;
				CLANG_ANALYZER_NONNULL = YES;
				CLANG_ANALYZER_NUMBER_OBJECT_CONVERSION = YES_AGGRESSIVE;
				CLANG_CXX_LANGUAGE_STANDARD = "gnu++20";
				CLANG_ENABLE_MODULES = YES;
				CLANG_ENABLE_OBJC_ARC = YES;
				CLANG_ENABLE_OBJC_WEAK = YES;
				CLANG_WARN_BLOCK_CAPTURE_AUTORELEASING = YES;
				CLANG_WARN_BOOL_CONVERSION = YES;
				CLANG_WARN_COMMA = YES;
				CLANG_WARN_CONSTANT_CONVERSION = YES;
				CLANG_WARN_DEPRECATED_OBJC_IMPLEMENTATIONS = YES;
				CLANG_WARN_DIRECT_OBJC_ISA_USAGE = YES_ERROR;
				CLANG_WARN_DOCUMENTATION_COMMENTS = YES;
				CLANG_WARN_EMPTY_BODY = YES;
				CLANG_WARN_ENUM_CONVERSION = YES;
				CLANG_WARN_INFINITE_RECURSION = YES;
				CLANG_WARN_INT_CONVERSION = YES;
				CLANG_WARN_NON_LITERAL_NULL_CONVERSION = YES;
				CLANG_WARN_OBJC_IMPLICIT_RETAIN_SELF = YES;
				CLANG_WARN_OBJC_LITERAL_CONVERSION = YES;
				CLANG_WARN_OBJC_ROOT_CLASS = YES_ERROR;
				CLANG_WARN_QUOTED_INCLUDE_IN_FRAMEWORK_HEADER = YES;
				CLANG_WARN_RANGE_LOOP_ANALYSIS = YES;
				CLANG_WARN_STRICT_PROTOTYPES = YES;
				CLANG_WARN_SUSPICIOUS_MOVE = YES;
				CLANG_WARN_UNGUARDED_AVAILABILITY = YES_AGGRESSIVE;
				CLANG_WARN_UNREACHABLE_CODE = YES;
				CLANG_WARN__DUPLICATE_METHOD_MATCH = YES;
				COPY_PHASE_STRIP = NO;
				DEBUG_INFORMATION_FORMAT = "dwarf-with-dsym";
				DEVELOPMENT_TEAM = 98Q9R2495A;
				ENABLE_NS_ASSERTIONS = NO;
				ENABLE_STRICT_OBJC_MSGSEND = YES;
				ENABLE_USER_SCRIPT_SANDBOXING = YES;
				GCC_C_LANGUAGE_STANDARD = gnu17;
				GCC_NO_COMMON_BLOCKS = YES;
				GCC_WARN_64_TO_32_BIT_CONVERSION = YES;
				GCC_WARN_ABOUT_RETURN_TYPE = YES_ERROR;
				GCC_WARN_UNDECLARED_SELECTOR = YES;
				GCC_WARN_UNINITIALIZED_AUTOS = YES_AGGRESSIVE;
				GCC_WARN_UNUSED_FUNCTION = YES;
				GCC_WARN_UNUSED_VARIABLE = YES;
				LOCALIZATION_PREFERS_STRING_CATALOGS = YES;
				MTL_ENABLE_DEBUG_INFO = NO;
				MTL_FAST_MATH = YES;
				SWIFT_COMPILATION_MODE = wholemodule;
			};
			name = Release;
		};
		11B1C3DA2F4A09FC0023A6A3 /* Debug */ = {
			isa = XCBuildConfiguration;
			buildSettings = {
				ASSETCATALOG_COMPILER_APPICON_NAME = AppIcon;
				ASSETCATALOG_COMPILER_GLOBAL_ACCENT_COLOR_NAME = AccentColor;
				CLANG_ENABLE_MODULES = YES;
				CODE_SIGN_STYLE = Automatic;
				CURRENT_PROJECT_VERSION = 1;
				DEVELOPMENT_TEAM = 98Q9R2495A;
				ENABLE_APP_SANDBOX = YES;
				ENABLE_HARDENED_RUNTIME = YES;
				ENABLE_PREVIEWS = YES;
				ENABLE_USER_SELECTED_FILES = readonly;
				GENERATE_INFOPLIST_FILE = YES;
				"INFOPLIST_KEY_UIApplicationSceneManifest_Generation[sdk=iphoneos*]" = YES;
				"INFOPLIST_KEY_UIApplicationSceneManifest_Generation[sdk=iphonesimulator*]" = YES;
				"INFOPLIST_KEY_UIApplicationSupportsIndirectInputEvents[sdk=iphoneos*]" = YES;
				"INFOPLIST_KEY_UIApplicationSupportsIndirectInputEvents[sdk=iphonesimulator*]" = YES;
				"INFOPLIST_KEY_UILaunchScreen_Generation[sdk=iphoneos*]" = YES;
				"INFOPLIST_KEY_UILaunchScreen_Generation[sdk=iphonesimulator*]" = YES;
				"INFOPLIST_KEY_UIStatusBarStyle[sdk=iphoneos*]" = UIStatusBarStyleDefault;
				"INFOPLIST_KEY_UIStatusBarStyle[sdk=iphonesimulator*]" = UIStatusBarStyleDefault;
				INFOPLIST_KEY_UISupportedInterfaceOrientations_iPad = "UIInterfaceOrientationPortrait UIInterfaceOrientationPortraitUpsideDown UIInterfaceOrientationLandscapeLeft UIInterfaceOrientationLandscapeRight";
				INFOPLIST_KEY_UISupportedInterfaceOrientations_iPhone = "UIInterfaceOrientationPortrait UIInterfaceOrientationLandscapeLeft UIInterfaceOrientationLandscapeRight";
				IPHONEOS_DEPLOYMENT_TARGET = 26.1;
				LD_RUNPATH_SEARCH_PATHS = "@executable_path/Frameworks";
				"LD_RUNPATH_SEARCH_PATHS[sdk=macosx*]" = "@executable_path/../Frameworks";
				MACOSX_DEPLOYMENT_TARGET = 26.1;
				MARKETING_VERSION = 1.0;
				PRODUCT_BUNDLE_IDENTIFIER = "Rahafjannuod.Roro-iOS";
				PRODUCT_NAME = "$(TARGET_NAME)";
				REGISTER_APP_GROUPS = YES;
				SDKROOT = auto;
				STRING_CATALOG_GENERATE_SYMBOLS = YES;
				SUPPORTED_PLATFORMS = "iphoneos iphonesimulator macosx xros xrsimulator";
				SWIFT_APPROACHABLE_CONCURRENCY = YES;
				SWIFT_DEFAULT_ACTOR_ISOLATION = MainActor;
				SWIFT_EMIT_LOC_STRINGS = YES;
				SWIFT_OPTIMIZATION_LEVEL = "-Onone";
				SWIFT_UPCOMING_FEATURE_MEMBER_IMPORT_VISIBILITY = YES;
				SWIFT_VERSION = 5.0;
				TARGETED_DEVICE_FAMILY = "1,2,7";
				XROS_DEPLOYMENT_TARGET = 26.1;
			};
			name = Debug;
		};
		11B1C3DB2F4A09FC0023A6A3 /* Release */ = {
			isa = XCBuildConfiguration;
			buildSettings = {
				ASSETCATALOG_COMPILER_APPICON_NAME = AppIcon;
				ASSETCATALOG_COMPILER_GLOBAL_ACCENT_COLOR_NAME = AccentColor;
				CLANG_ENABLE_MODULES = YES;
				CODE_SIGN_STYLE = Automatic;
				CURRENT_PROJECT_VERSION = 1;
				DEVELOPMENT_TEAM = 98Q9R2495A;
				ENABLE_APP_SANDBOX = YES;
				ENABLE_HARDENED_RUNTIME = YES;
				ENABLE_PREVIEWS = YES;
				ENABLE_USER_SELECTED_FILES = readonly;
				GENERATE_INFOPLIST_FILE = YES;
				"INFOPLIST_KEY_UIApplicationSceneManifest_Generation[sdk=iphoneos*]" = YES;
				"INFOPLIST_KEY_UIApplicationSceneManifest_Generation[sdk=iphonesimulator*]" = YES;
				"INFOPLIST_KEY_UIApplicationSupportsIndirectInputEvents[sdk=iphoneos*]" = YES;
				"INFOPLIST_KEY_UIApplicationSupportsIndirectInputEvents[sdk=iphonesimulator*]" = YES;
				"INFOPLIST_KEY_UILaunchScreen_Generation[sdk=iphoneos*]" = YES;
				"INFOPLIST_KEY_UILaunchScreen_Generation[sdk=iphonesimulator*]" = YES;
				"INFOPLIST_KEY_UIStatusBarStyle[sdk=iphoneos*]" = UIStatusBarStyleDefault;
				"INFOPLIST_KEY_UIStatusBarStyle[sdk=iphonesimulator*]" = UIStatusBarStyleDefault;
				INFOPLIST_KEY_UISupportedInterfaceOrientations_iPad = "UIInterfaceOrientationPortrait UIInterfaceOrientationPortraitUpsideDown UIInterfaceOrientationLandscapeLeft UIInterfaceOrientationLandscapeRight";
				INFOPLIST_KEY_UISupportedInterfaceOrientations_iPhone = "UIInterfaceOrientationPortrait UIInterfaceOrientationLandscapeLeft UIInterfaceOrientationLandscapeRight";
				IPHONEOS_DEPLOYMENT_TARGET = 26.1;
				LD_RUNPATH_SEARCH_PATHS = "@executable_path/Frameworks";
				"LD_RUNPATH_SEARCH_PATHS[sdk=macosx*]" = "@executable_path/../Frameworks";
				MACOSX_DEPLOYMENT_TARGET = 26.1;
				MARKETING_VERSION = 1.0;
				PRODUCT_BUNDLE_IDENTIFIER = "Rahafjannuod.Roro-iOS";
				PRODUCT_NAME = "$(TARGET_NAME)";
				REGISTER_APP_GROUPS = YES;
				SDKROOT = auto;
				STRING_CATALOG_GENERATE_SYMBOLS = YES;
				SUPPORTED_PLATFORMS = "iphoneos iphonesimulator macosx xros xrsimulator";
				SWIFT_APPROACHABLE_CONCURRENCY = YES;
				SWIFT_DEFAULT_ACTOR_ISOLATION = MainActor;
				SWIFT_EMIT_LOC_STRINGS = YES;
				SWIFT_UPCOMING_FEATURE_MEMBER_IMPORT_VISIBILITY = YES;
				SWIFT_VERSION = 5.0;
				TARGETED_DEVICE_FAMILY = "1,2,7";
				XROS_DEPLOYMENT_TARGET = 26.1;
			};
			name = Release;
		};
		11B1C3DD2F4A09FC0023A6A3 /* Debug */ = {
			isa = XCBuildConfiguration;
			buildSettings = {
				BUNDLE_LOADER = "$(TEST_HOST)";
				CODE_SIGN_STYLE = Automatic;
				CURRENT_PROJECT_VERSION = 1;
				DEVELOPMENT_TEAM = 98Q9R2495A;
				GENERATE_INFOPLIST_FILE = YES;
				IPHONEOS_DEPLOYMENT_TARGET = 26.1;
				MACOSX_DEPLOYMENT_TARGET = 26.1;
				MARKETING_VERSION = 1.0;
				PRODUCT_BUNDLE_IDENTIFIER = "Rahafjannuod.Roro-iOSTests";
				PRODUCT_NAME = "$(TARGET_NAME)";
				SDKROOT = auto;
				STRING_CATALOG_GENERATE_SYMBOLS = NO;
				SUPPORTED_PLATFORMS = "iphoneos iphonesimulator macosx xros xrsimulator";
				SWIFT_APPROACHABLE_CONCURRENCY = YES;
				SWIFT_EMIT_LOC_STRINGS = NO;
				SWIFT_UPCOMING_FEATURE_MEMBER_IMPORT_VISIBILITY = YES;
				SWIFT_VERSION = 5.0;
				TARGETED_DEVICE_FAMILY = "1,2,7";
				TEST_HOST = "$(BUILT_PRODUCTS_DIR)/Roro-iOS.app/$(BUNDLE_EXECUTABLE_FOLDER_PATH)/Roro-iOS";
				XROS_DEPLOYMENT_TARGET = 26.1;
			};
			name = Debug;
		};
		11B1C3DE2F4A09FC0023A6A3 /* Release */ = {
			isa = XCBuildConfiguration;
			buildSettings = {
				BUNDLE_LOADER = "$(TEST_HOST)";
				CODE_SIGN_STYLE = Automatic;
				CURRENT_PROJECT_VERSION = 1;
				DEVELOPMENT_TEAM = 98Q9R2495A;
				GENERATE_INFOPLIST_FILE = YES;
				IPHONEOS_DEPLOYMENT_TARGET = 26.1;
				MACOSX_DEPLOYMENT_TARGET = 26.1;
				MARKETING_VERSION = 1.0;
				PRODUCT_BUNDLE_IDENTIFIER = "Rahafjannuod.Roro-iOSTests";
				PRODUCT_NAME = "$(TARGET_NAME)";
				SDKROOT = auto;
				STRING_CATALOG_GENERATE_SYMBOLS = NO;
				SUPPORTED_PLATFORMS = "iphoneos iphonesimulator macosx xros xrsimulator";
				SWIFT_APPROACHABLE_CONCURRENCY = YES;
				SWIFT_EMIT_LOC_STRINGS = NO;
				SWIFT_UPCOMING_FEATURE_MEMBER_IMPORT_VISIBILITY = YES;
				SWIFT_VERSION = 5.0;
				TARGETED_DEVICE_FAMILY = "1,2,7";
				TEST_HOST = "$(BUILT_PRODUCTS_DIR)/Roro-iOS.app/$(BUNDLE_EXECUTABLE_FOLDER_PATH)/Roro-iOS";
				XROS_DEPLOYMENT_TARGET = 26.1;
			};
			name = Release;
		};
		11B1C3E02F4A09FC0023A6A3 /* Debug */ = {
			isa = XCBuildConfiguration;
			buildSettings = {
				CODE_SIGN_STYLE = Automatic;
				CURRENT_PROJECT_VERSION = 1;
				DEVELOPMENT_TEAM = 98Q9R2495A;
				GENERATE_INFOPLIST_FILE = YES;
				IPHONEOS_DEPLOYMENT_TARGET = 26.1;
				MACOSX_DEPLOYMENT_TARGET = 26.1;
				MARKETING_VERSION = 1.0;
				PRODUCT_BUNDLE_IDENTIFIER = "Rahafjannuod.Roro-iOSUITests";
				PRODUCT_NAME = "$(TARGET_NAME)";
				SDKROOT = auto;
				STRING_CATALOG_GENERATE_SYMBOLS = NO;
				SUPPORTED_PLATFORMS = "iphoneos iphonesimulator macosx xros xrsimulator";
				SWIFT_APPROACHABLE_CONCURRENCY = YES;
				SWIFT_EMIT_LOC_STRINGS = NO;
				SWIFT_UPCOMING_FEATURE_MEMBER_IMPORT_VISIBILITY = YES;
				SWIFT_VERSION = 5.0;
				TARGETED_DEVICE_FAMILY = "1,2,7";
				TEST_TARGET_NAME = "Roro-iOS";
				XROS_DEPLOYMENT_TARGET = 26.1;
			};
			name = Debug;
		};
		11B1C3E12F4A09FC0023A6A3 /* Release */ = {
			isa = XCBuildConfiguration;
			buildSettings = {
				CODE_SIGN_STYLE = Automatic;
				CURRENT_PROJECT_VERSION = 1;
				DEVELOPMENT_TEAM = 98Q9R2495A;
				GENERATE_INFOPLIST_FILE = YES;
				IPHONEOS_DEPLOYMENT_TARGET = 26.1;
				MACOSX_DEPLOYMENT_TARGET = 26.1;
				MARKETING_VERSION = 1.0;
				PRODUCT_BUNDLE_IDENTIFIER = "Rahafjannuod.Roro-iOSUITests";
				PRODUCT_NAME = "$(TARGET_NAME)";
				SDKROOT = auto;
				STRING_CATALOG_GENERATE_SYMBOLS = NO;
				SUPPORTED_PLATFORMS = "iphoneos iphonesimulator macosx xros xrsimulator";
				SWIFT_APPROACHABLE_CONCURRENCY = YES;
				SWIFT_EMIT_LOC_STRINGS = NO;
				SWIFT_UPCOMING_FEATURE_MEMBER_IMPORT_VISIBILITY = YES;
				SWIFT_VERSION = 5.0;
				TARGETED_DEVICE_FAMILY = "1,2,7";
				TEST_TARGET_NAME = "Roro-iOS";
				XROS_DEPLOYMENT_TARGET = 26.1;
			};
			name = Release;
		};
/* End XCBuildConfiguration section */

/* Begin XCConfigurationList section */
		11B1C3B12F4A09FB0023A6A3 /* Build configuration list for PBXProject "Roro-iOS" */ = {
			isa = XCConfigurationList;
			buildConfigurations = (
				11B1C3D72F4A09FC0023A6A3 /* Debug */,
				11B1C3D82F4A09FC0023A6A3 /* Release */,
			);
			defaultConfigurationIsVisible = 0;
			defaultConfigurationName = Release;
		};
		11B1C3D92F4A09FC0023A6A3 /* Build configuration list for PBXNativeTarget "Roro-iOS" */ = {
			isa = XCConfigurationList;
			buildConfigurations = (
				11B1C3DA2F4A09FC0023A6A3 /* Debug */,
				11B1C3DB2F4A09FC0023A6A3 /* Release */,
			);
			defaultConfigurationIsVisible = 0;
			defaultConfigurationName = Release;
		};
		11B1C3DC2F4A09FC0023A6A3 /* Build configuration list for PBXNativeTarget "Roro-iOSTests" */ = {
			isa = XCConfigurationList;
			buildConfigurations = (
				11B1C3DD2F4A09FC0023A6A3 /* Debug */,
				11B1C3DE2F4A09FC0023A6A3 /* Release */,
			);
			defaultConfigurationIsVisible = 0;
			defaultConfigurationName = Release;
		};
		11B1C3DF2F4A09FC0023A6A3 /* Build configuration list for PBXNativeTarget "Roro-iOSUITests" */ = {
			isa = XCConfigurationList;
			buildConfigurations = (
				11B1C3E02F4A09FC0023A6A3 /* Debug */,
				11B1C3E12F4A09FC0023A6A3 /* Release */,
			);
			defaultConfigurationIsVisible = 0;
			defaultConfigurationName = Release;
		};
/* End XCConfigurationList section */
	};
	rootObject = 11B1C3AE2F4A09FB0023A6A3 /* Project object */;
}
